
Microsoft Visual Studio Solution File, Format Version 12.00
Project("{FAE04EC0-301F-11D3-BF4B-00C04F79EFBC}") = "Serialization", "Serialization\Serialization.csproj", "{A3A36948-F224-4086-B8DB-607D7D4243C6}"
EndProject
Project("{FAE04EC0-301F-11D3-BF4B-00C04F79EFBC}") = "UnitTests", "UnitTests\UnitTests.csproj", "{750ECBE8-5515-4988-A306-E579E859668E}"
EndProject
Project("{FAE04EC0-301F-11D3-BF4B-00C04F79EFBC}") = "Lab1", "Lab1\Lab1.csproj", "{EC69CB3E-0B25-4F37-AAA4-6CEACE51F41E}"
EndProject
Project("{FAE04EC0-301F-11D3-BF4B-00C04F79EFBC}") = "Common", "Common\Common.csproj", "{062AB8B1-5DB7-436D-80FD-D71E83D25F33}"
EndProject
Project("{FAE04EC0-301F-11D3-BF4B-00C04F79EFBC}") = "AwesomeClient", "AwesomeClient\AwesomeClient.csproj", "{F65A7892-E414-4CC5-A929-F4A01A4F2199}"
EndProject
Global
	GlobalSection(SolutionConfigurationPlatforms) = preSolution
		Debug|Any CPU = Debug|Any CPU
		Release|Any CPU = Release|Any CPU
	EndGlobalSection
	GlobalSection(ProjectConfigurationPlatforms) = postSolution
		{A3A36948-F224-4086-B8DB-607D7D4243C6}.Debug|Any CPU.ActiveCfg = Debug|Any CPU
		{A3A36948-F224-4086-B8DB-607D7D4243C6}.Debug|Any CPU.Build.0 = Debug|Any CPU
		{A3A36948-F224-4086-B8DB-607D7D4243C6}.Release|Any CPU.ActiveCfg = Release|Any CPU
		{A3A36948-F224-4086-B8DB-607D7D4243C6}.Release|Any CPU.Build.0 = Release|Any CPU
		{750ECBE8-5515-4988-A306-E579E859668E}.Debug|Any CPU.ActiveCfg = Debug|Any CPU
		{750ECBE8-5515-4988-A306-E579E859668E}.Debug|Any CPU.Build.0 = Debug|Any CPU
		{750ECBE8-5515-4988-A306-E579E859668E}.Release|Any CPU.ActiveCfg = Release|Any CPU
		{750ECBE8-5515-4988-A306-E579E859668E}.Release|Any CPU.Build.0 = Release|Any CPU
		{EC69CB3E-0B25-4F37-AAA4-6CEACE51F41E}.Debug|Any CPU.ActiveCfg = Debug|Any CPU
		{EC69CB3E-0B25-4F37-AAA4-6CEACE51F41E}.Debug|Any CPU.Build.0 = Debug|Any CPU
		{EC69CB3E-0B25-4F37-AAA4-6CEACE51F41E}.Release|Any CPU.ActiveCfg = Release|Any CPU
		{EC69CB3E-0B25-4F37-AAA4-6CEACE51F41E}.Release|Any CPU.Build.0 = Release|Any CPU
		{062AB8B1-5DB7-436D-80FD-D71E83D25F33}.Debug|Any CPU.ActiveCfg = Debug|Any CPU
		{062AB8B1-5DB7-436D-80FD-D71E83D25F33}.Debug|Any CPU.Build.0 = Debug|Any CPU
		{062AB8B1-5DB7-436D-80FD-D71E83D25F33}.Release|Any CPU.ActiveCfg = Release|Any CPU
		{062AB8B1-5DB7-436D-80FD-D71E83D25F33}.Release|Any CPU.Build.0 = Release|Any CPU
		{F65A7892-E414-4CC5-A929-F4A01A4F2199}.Debug|Any CPU.ActiveCfg = Debug|Any CPU
		{F65A7892-E414-4CC5-A929-F4A01A4F2199}.Debug|Any CPU.Build.0 = Debug|Any CPU
		{F65A7892-E414-4CC5-A929-F4A01A4F2199}.Release|Any CPU.ActiveCfg = Release|Any CPU
		{F65A7892-E414-4CC5-A929-F4A01A4F2199}.Release|Any CPU.Build.0 = Release|Any CPU
	EndGlobalSection
EndGlobal
