
Microsoft Visual Studio Solution File, Format Version 12.00
Project("{FAE04EC0-301F-11D3-BF4B-00C04F79EFBC}") = "Serialization", "Serialization\Serialization.csproj", "{A3A36948-F224-4086-B8DB-607D7D4243C6}"
EndProject
Project("{FAE04EC0-301F-11D3-BF4B-00C04F79EFBC}") = "UnitTests", "UnitTests\UnitTests.csproj", "{750ECBE8-5515-4988-A306-E579E859668E}"
EndProject
Global
	GlobalSection(SolutionConfigurationPlatforms) = preSolution
		Debug|Any CPU = Debug|Any CPU
		Release|Any CPU = Release|Any CPU
	EndGlobalSection
	GlobalSection(ProjectConfigurationPlatforms) = postSolution
		{A3A36948-F224-4086-B8DB-607D7D4243C6}.Debug|Any CPU.ActiveCfg = Debug|Any CPU
		{A3A36948-F224-4086-B8DB-607D7D4243C6}.Debug|Any CPU.Build.0 = Debug|Any CPU
		{A3A36948-F224-4086-B8DB-607D7D4243C6}.Release|Any CPU.ActiveCfg = Release|Any CPU
		{A3A36948-F224-4086-B8DB-607D7D4243C6}.Release|Any CPU.Build.0 = Release|Any CPU
		{750ECBE8-5515-4988-A306-E579E859668E}.Debug|Any CPU.ActiveCfg = Debug|Any CPU
		{750ECBE8-5515-4988-A306-E579E859668E}.Debug|Any CPU.Build.0 = Debug|Any CPU
		{750ECBE8-5515-4988-A306-E579E859668E}.Release|Any CPU.ActiveCfg = Release|Any CPU
		{750ECBE8-5515-4988-A306-E579E859668E}.Release|Any CPU.Build.0 = Release|Any CPU
	EndGlobalSection
EndGlobal
